
Microsoft Visual Studio Solution File, Format Version 12.00
# Visual Studio Version 17
VisualStudioVersion = 17.10.35013.160
MinimumVisualStudioVersion = 10.0.40219.1
Project("{FAE04EC0-301F-11D3-BF4B-00C04F79EFBC}") = "ProjetoReforcoEscopo1", "ProjetoReforcoEscopo1\ProjetoReforcoEscopo1.csproj", "{46ACCB47-F160-4467-9019-1A8F200523A5}"
EndProject
Global
	GlobalSection(SolutionConfigurationPlatforms) = preSolution
		Debug|Any CPU = Debug|Any CPU
		Release|Any CPU = Release|Any CPU
	EndGlobalSection
	GlobalSection(ProjectConfigurationPlatforms) = postSolution
		{46ACCB47-F160-4467-9019-1A8F200523A5}.Debug|Any CPU.ActiveCfg = Debug|Any CPU
		{46ACCB47-F160-4467-9019-1A8F200523A5}.Debug|Any CPU.Build.0 = Debug|Any CPU
		{46ACCB47-F160-4467-9019-1A8F200523A5}.Release|Any CPU.ActiveCfg = Release|Any CPU
		{46ACCB47-F160-4467-9019-1A8F200523A5}.Release|Any CPU.Build.0 = Release|Any CPU
	EndGlobalSection
	GlobalSection(SolutionProperties) = preSolution
		HideSolutionNode = FALSE
	EndGlobalSection
	GlobalSection(ExtensibilityGlobals) = postSolution
		SolutionGuid = {DB5289D9-8594-47F4-B2AC-D62BC99E27D2}
	EndGlobalSection
EndGlobal
